PODS:
  - Alamofire (4.8.1)
  - BulletinBoard (3.0.0)
  - Charts (3.2.1):
    - Charts/Core (= 3.2.1)
  - Charts/Core (3.2.1)
  - NVActivityIndicatorView (4.6.1):
    - NVActivityIndicatorView/Presenter (= 4.6.1)
  - NVActivityIndicatorView/Presenter (4.6.1)
  - SwiftDate (5.1.0)

DEPENDENCIES:
  - Alamofire
  - BulletinBoard
  - Charts
  - NVActivityIndicatorView
  - SwiftDate

SPEC REPOS:
  https://github.com/cocoapods/specs.git:
    - Alamofire
    - BulletinBoard
    - Charts
    - NVActivityIndicatorView
    - SwiftDate

SPEC CHECKSUMS:
  Alamofire: 16ce2c353fb72865124ddae8a57c5942388f4f11
  BulletinBoard: 927f4f9fd22503ceecd71bfc830fd65d5996593a
  Charts: f122fb70b19847fa5817d018b77d6c5a2296ab25
  NVActivityIndicatorView: 4ca19fccc84595a78957336a086d00a49be6ce61
  SwiftDate: 6329e58969a2de31cea7f1ee1143b247693196e7

PODFILE CHECKSUM: fafe818b0e3d76dc8b33533f2fd704ee94d1fa14

COCOAPODS: 1.6.0
