// !$*UTF8*$!
{
	archiveVersion = 1;
	classes = {
	};
	objectVersion = 50;
	objects = {

/* Begin PBXBuildFile section */
		17B93F88A417D34CE0A10AB5 /* Pods_IEX_MobileUITests.framework in Frameworks */ = {isa = PBXBuildFile; fileRef = ACC5F3996AEE0EC5A5F18433 /* Pods_IEX_MobileUITests.framework */; };
		398D917F930C28F597E1BB14 /* Pods_IEX_MobileTests.framework in Frameworks */ = {isa = PBXBuildFile; fileRef = 298786589319D5BF7A18C445 /* Pods_IEX_MobileTests.framework */; };
		8D29CD182290EC09003B2D68 /* CurrencyExchangeViewController.swift in Sources */ = {isa = PBXBuildFile; fileRef = 8D29CD172290EC09003B2D68 /* CurrencyExchangeViewController.swift */; };
		8D29CD1B2290EEAB003B2D68 /* CurrenciesTableViewController.swift in Sources */ = {isa = PBXBuildFile; fileRef = 8D29CD1A2290EEAB003B2D68 /* CurrenciesTableViewController.swift */; };
		8D29CD1D2290EEF6003B2D68 /* Currency.swift in Sources */ = {isa = PBXBuildFile; fileRef = 8D29CD1C2290EEF6003B2D68 /* Currency.swift */; };
		8D29CD1F2290F3EA003B2D68 /* CurrencyTextField.swift in Sources */ = {isa = PBXBuildFile; fileRef = 8D29CD1E2290F3EA003B2D68 /* CurrencyTextField.swift */; };
		8D29CD212290FC6B003B2D68 /* ExchangeRate.swift in Sources */ = {isa = PBXBuildFile; fileRef = 8D29CD202290FC6B003B2D68 /* ExchangeRate.swift */; };
		8D29CD232291051D003B2D68 /* CurrencySymbols.swift in Sources */ = {isa = PBXBuildFile; fileRef = 8D29CD222291051D003B2D68 /* CurrencySymbols.swift */; };
		8D3C9A02229C8BDB00CE481F /* CurrencyTableCell.swift in Sources */ = {isa = PBXBuildFile; fileRef = 8D3C9A00229C8BDB00CE481F /* CurrencyTableCell.swift */; };
		8D3C9A03229C8BDB00CE481F /* CurrencyTableCell.xib in Resources */ = {isa = PBXBuildFile; fileRef = 8D3C9A01229C8BDB00CE481F /* CurrencyTableCell.xib */; };
		8D3C9A05229C9FCA00CE481F /* IEXKeyboard.xib in Resources */ = {isa = PBXBuildFile; fileRef = 8D3C9A04229C9FCA00CE481F /* IEXKeyboard.xib */; };
		8D3C9A07229C9FF000CE481F /* IEXKeyboard.swift in Sources */ = {isa = PBXBuildFile; fileRef = 8D3C9A06229C9FF000CE481F /* IEXKeyboard.swift */; };
		8D5FAAD2227B24100099EFB2 /* SelectionFeedbackGenerator.swift in Sources */ = {isa = PBXBuildFile; fileRef = 8D5FAAD1227B24100099EFB2 /* SelectionFeedbackGenerator.swift */; };
		8D5FAAD4227B243F0099EFB2 /* FeedbackPageBulletinItem.swift in Sources */ = {isa = PBXBuildFile; fileRef = 8D5FAAD3227B243F0099EFB2 /* FeedbackPageBulletinItem.swift */; };
		8D5FAAD6227B24680099EFB2 /* TextFieldBullentinPage.swift in Sources */ = {isa = PBXBuildFile; fileRef = 8D5FAAD5227B24680099EFB2 /* TextFieldBullentinPage.swift */; };
		8D5FAAD8227BEF040099EFB2 /* Account.storyboard in Resources */ = {isa = PBXBuildFile; fileRef = 8D5FAAD7227BEF040099EFB2 /* Account.storyboard */; };
		8D5FAADA227BEF8B0099EFB2 /* Market.storyboard in Resources */ = {isa = PBXBuildFile; fileRef = 8D5FAAD9227BEF8B0099EFB2 /* Market.storyboard */; };
		8D5FAADC227BEFEE0099EFB2 /* ReferenceData.storyboard in Resources */ = {isa = PBXBuildFile; fileRef = 8D5FAADB227BEFEE0099EFB2 /* ReferenceData.storyboard */; };
		8D5FAADE227BF06D0099EFB2 /* Company.storyboard in Resources */ = {isa = PBXBuildFile; fileRef = 8D5FAADD227BF06D0099EFB2 /* Company.storyboard */; };
		8D5FF94D2279CECF00938CED /* IEXSwift+Account.swift in Sources */ = {isa = PBXBuildFile; fileRef = 8D5FF94C2279CECF00938CED /* IEXSwift+Account.swift */; };
		8D5FF94F2279CF1200938CED /* AccountMetadata.swift in Sources */ = {isa = PBXBuildFile; fileRef = 8D5FF94E2279CF1200938CED /* AccountMetadata.swift */; };
		8D5FF9512279D07100938CED /* IEXAccountEndpoint.swift in Sources */ = {isa = PBXBuildFile; fileRef = 8D5FF9502279D07100938CED /* IEXAccountEndpoint.swift */; };
		8D5FF9532279D63B00938CED /* EnvironmentTableViewController.swift in Sources */ = {isa = PBXBuildFile; fileRef = 8D5FF9522279D63B00938CED /* EnvironmentTableViewController.swift */; };
		8D7C440E2272546700C6609B /* AppDelegate.swift in Sources */ = {isa = PBXBuildFile; fileRef = 8D7C440D2272546700C6609B /* AppDelegate.swift */; };
		8D7C44132272546700C6609B /* Main.storyboard in Resources */ = {isa = PBXBuildFile; fileRef = 8D7C44112272546700C6609B /* Main.storyboard */; };
		8D7C44162272546700C6609B /* IEX_Mobile.xcdatamodeld in Sources */ = {isa = PBXBuildFile; fileRef = 8D7C44142272546700C6609B /* IEX_Mobile.xcdatamodeld */; };
		8D7C44182272546800C6609B /* Assets.xcassets in Resources */ = {isa = PBXBuildFile; fileRef = 8D7C44172272546800C6609B /* Assets.xcassets */; };
		8D7C441B2272546800C6609B /* LaunchScreen.storyboard in Resources */ = {isa = PBXBuildFile; fileRef = 8D7C44192272546800C6609B /* LaunchScreen.storyboard */; };
		8D7C44262272546800C6609B /* IEX_MobileTests.swift in Sources */ = {isa = PBXBuildFile; fileRef = 8D7C44252272546800C6609B /* IEX_MobileTests.swift */; };
		8D7C44312272546800C6609B /* IEX_MobileUITests.swift in Sources */ = {isa = PBXBuildFile; fileRef = 8D7C44302272546800C6609B /* IEX_MobileUITests.swift */; };
		8D7C443F2272549800C6609B /* Storyboard.swift in Sources */ = {isa = PBXBuildFile; fileRef = 8D7C443E2272549800C6609B /* Storyboard.swift */; };
		8D7C44442272564E00C6609B /* Authentication.storyboard in Resources */ = {isa = PBXBuildFile; fileRef = 8D7C44432272564E00C6609B /* Authentication.storyboard */; };
		8D7C444622725F8300C6609B /* AuthenticationViewController.swift in Sources */ = {isa = PBXBuildFile; fileRef = 8D7C444522725F8300C6609B /* AuthenticationViewController.swift */; };
		8D7C44482272606800C6609B /* Segues.swift in Sources */ = {isa = PBXBuildFile; fileRef = 8D7C44472272606800C6609B /* Segues.swift */; };
		8D7C444A227260F600C6609B /* Styles.swift in Sources */ = {isa = PBXBuildFile; fileRef = 8D7C4449227260F600C6609B /* Styles.swift */; };
		8D7C444C227261B900C6609B /* ViewController+Loading.swift in Sources */ = {isa = PBXBuildFile; fileRef = 8D7C444B227261B900C6609B /* ViewController+Loading.swift */; };
		8D7C444F2272635E00C6609B /* UIColor+IEX.swift in Sources */ = {isa = PBXBuildFile; fileRef = 8D7C444E2272635E00C6609B /* UIColor+IEX.swift */; };
		8D7C445122726E6B00C6609B /* UITextField+Text.swift in Sources */ = {isa = PBXBuildFile; fileRef = 8D7C445022726E6B00C6609B /* UITextField+Text.swift */; };
		8D8B1D4A227FC61400A05684 /* BalanceSheetViewController.swift in Sources */ = {isa = PBXBuildFile; fileRef = 8D8B1D49227FC61400A05684 /* BalanceSheetViewController.swift */; };
		8D8B1D4C227FC6BA00A05684 /* BalanceSheetPageViewController.swift in Sources */ = {isa = PBXBuildFile; fileRef = 8D8B1D4B227FC6BA00A05684 /* BalanceSheetPageViewController.swift */; };
		8D8B1D4E227FC6F900A05684 /* BalanceSheet.swift in Sources */ = {isa = PBXBuildFile; fileRef = 8D8B1D4D227FC6F900A05684 /* BalanceSheet.swift */; };
		8DD2EC84229B08280076CBAE /* URLs.swift in Sources */ = {isa = PBXBuildFile; fileRef = 8DD2EC83229B08280076CBAE /* URLs.swift */; };
		8DFF1F3322729333005B807A /* Constants.swift in Sources */ = {isa = PBXBuildFile; fileRef = 8DFF1F3222729333005B807A /* Constants.swift */; };
		8DFF1F372272A5CF005B807A /* KeychainService.swift in Sources */ = {isa = PBXBuildFile; fileRef = 8DFF1F362272A5CF005B807A /* KeychainService.swift */; };
		8DFF1F3922734993005B807A /* StockSymbol.swift in Sources */ = {isa = PBXBuildFile; fileRef = 8DFF1F3822734993005B807A /* StockSymbol.swift */; };
		8DFF1F3D22735FFD005B807A /* CompanyInformationViewController.swift in Sources */ = {isa = PBXBuildFile; fileRef = 8DFF1F3C22735FFD005B807A /* CompanyInformationViewController.swift */; };
		8DFF1F3F2273DAC8005B807A /* IEXSwift.swift in Sources */ = {isa = PBXBuildFile; fileRef = 8DFF1F3E2273DAC8005B807A /* IEXSwift.swift */; };
		8DFF1F412273DC47005B807A /* CompanyInformation.swift in Sources */ = {isa = PBXBuildFile; fileRef = 8DFF1F402273DC47005B807A /* CompanyInformation.swift */; };
		8DFF1F432273F4C9005B807A /* IEXEnvironment.swift in Sources */ = {isa = PBXBuildFile; fileRef = 8DFF1F422273F4C9005B807A /* IEXEnvironment.swift */; };
		8DFF1F47227401FB005B807A /* IEXStockEndpoint.swift in Sources */ = {isa = PBXBuildFile; fileRef = 8DFF1F46227401FB005B807A /* IEXStockEndpoint.swift */; };
		8DFF1F4922740A39005B807A /* CompanyAdvancedStatistics.swift in Sources */ = {isa = PBXBuildFile; fileRef = 8DFF1F4822740A39005B807A /* CompanyAdvancedStatistics.swift */; };
		8DFF1F4C22751D38005B807A /* NewsArticleView.swift in Sources */ = {isa = PBXBuildFile; fileRef = 8DFF1F4B22751D38005B807A /* NewsArticleView.swift */; };
		8DFF1F4F22751D65005B807A /* NewsArticleView.xib in Resources */ = {isa = PBXBuildFile; fileRef = 8DFF1F4E22751D65005B807A /* NewsArticleView.xib */; };
		8DFF1F51227524D6005B807A /* CompanyNewsArticle.swift in Sources */ = {isa = PBXBuildFile; fileRef = 8DFF1F50227524D6005B807A /* CompanyNewsArticle.swift */; };
		8DFF1F5322763417005B807A /* CompanySearchViewController.swift in Sources */ = {isa = PBXBuildFile; fileRef = 8DFF1F5222763416005B807A /* CompanySearchViewController.swift */; };
		8DFF1F5522763C6E005B807A /* IEXMobileUtilities.swift in Sources */ = {isa = PBXBuildFile; fileRef = 8DFF1F5422763C6E005B807A /* IEXMobileUtilities.swift */; };
		8DFF1F5922764E77005B807A /* IEXChartRange.swift in Sources */ = {isa = PBXBuildFile; fileRef = 8DFF1F5822764E77005B807A /* IEXChartRange.swift */; };
		8DFF1F5B22764EB8005B807A /* CompanyChartDataItem.swift in Sources */ = {isa = PBXBuildFile; fileRef = 8DFF1F5A22764EB8005B807A /* CompanyChartDataItem.swift */; };
		8DFF1F5F2277C3A2005B807A /* IEXSwift+Stock.swift in Sources */ = {isa = PBXBuildFile; fileRef = 8DFF1F5E2277C3A2005B807A /* IEXSwift+Stock.swift */; };
		8DFF1F612277C404005B807A /* IEXSwift+ReferenceData.swift in Sources */ = {isa = PBXBuildFile; fileRef = 8DFF1F602277C404005B807A /* IEXSwift+ReferenceData.swift */; };
		8DFF1F632277EB7C005B807A /* IEXReferenceDataEndpoint.swift in Sources */ = {isa = PBXBuildFile; fileRef = 8DFF1F622277EB7C005B807A /* IEXReferenceDataEndpoint.swift */; };
		8DFF1F65227813C5005B807A /* CompanyLogo.swift in Sources */ = {isa = PBXBuildFile; fileRef = 8DFF1F64227813C5005B807A /* CompanyLogo.swift */; };
		8DFF1F6C22787F82005B807A /* IEXError.swift in Sources */ = {isa = PBXBuildFile; fileRef = 8DFF1F6B22787F82005B807A /* IEXError.swift */; };
		8DFF1F6E22788643005B807A /* AccountViewController.swift in Sources */ = {isa = PBXBuildFile; fileRef = 8DFF1F6D22788643005B807A /* AccountViewController.swift */; };
		8DFF1F70227957F8005B807A /* IEXSwift+Status.swift in Sources */ = {isa = PBXBuildFile; fileRef = 8DFF1F6F227957F8005B807A /* IEXSwift+Status.swift */; };
		8DFF1F722279582B005B807A /* IEXServiceStatus.swift in Sources */ = {isa = PBXBuildFile; fileRef = 8DFF1F712279582B005B807A /* IEXServiceStatus.swift */; };
		8DFF1F7422795891005B807A /* IEXServiceEndpoint.swift in Sources */ = {isa = PBXBuildFile; fileRef = 8DFF1F7322795891005B807A /* IEXServiceEndpoint.swift */; };
		8DFF1F7622796441005B807A /* TokensTableViewController.swift in Sources */ = {isa = PBXBuildFile; fileRef = 8DFF1F7522796441005B807A /* TokensTableViewController.swift */; };
		FD7DC1E2154628AAACFC634A /* Pods_IEX_Mobile.framework in Frameworks */ = {isa = PBXBuildFile; fileRef = 611E485C2DDC7A1B436C288D /* Pods_IEX_Mobile.framework */; };
/* End PBXBuildFile section */

/* Begin PBXContainerItemProxy section */
		8D7C44222272546800C6609B /* PBXContainerItemProxy */ = {
			isa = PBXContainerItemProxy;
			containerPortal = 8D7C44022272546700C6609B /* Project object */;
			proxyType = 1;
			remoteGlobalIDString = 8D7C44092272546700C6609B;
			remoteInfo = "IEX Mobile";
		};
		8D7C442D2272546800C6609B /* PBXContainerItemProxy */ = {
			isa = PBXContainerItemProxy;
			containerPortal = 8D7C44022272546700C6609B /* Project object */;
			proxyType = 1;
			remoteGlobalIDString = 8D7C44092272546700C6609B;
			remoteInfo = "IEX Mobile";
		};
/* End PBXContainerItemProxy section */

/* Begin PBXFileReference section */
		07A5885263EB9693E9269E2D /* Pods-IEX Mobile.release.xcconfig */ = {isa = PBXFileReference; includeInIndex = 1; lastKnownFileType = text.xcconfig; name = "Pods-IEX Mobile.release.xcconfig"; path = "Target Support Files/Pods-IEX Mobile/Pods-IEX Mobile.release.xcconfig"; sourceTree = "<group>"; };
		298786589319D5BF7A18C445 /* Pods_IEX_MobileTests.framework */ = {isa = PBXFileReference; explicitFileType = wrapper.framework; includeInIndex = 0; path = Pods_IEX_MobileTests.framework; sourceTree = BUILT_PRODUCTS_DIR; };
		5DDBB08A7A8C718B60682EB8 /* Pods-IEX Mobile.debug.xcconfig */ = {isa = PBXFileReference; includeInIndex = 1; lastKnownFileType = text.xcconfig; name = "Pods-IEX Mobile.debug.xcconfig"; path = "Target Support Files/Pods-IEX Mobile/Pods-IEX Mobile.debug.xcconfig"; sourceTree = "<group>"; };
		5E48765AD0C86E96D1EC79EA /* Pods-IEX MobileTests.release.xcconfig */ = {isa = PBXFileReference; includeInIndex = 1; lastKnownFileType = text.xcconfig; name = "Pods-IEX MobileTests.release.xcconfig"; path = "Target Support Files/Pods-IEX MobileTests/Pods-IEX MobileTests.release.xcconfig"; sourceTree = "<group>"; };
		611E485C2DDC7A1B436C288D /* Pods_IEX_Mobile.framework */ = {isa = PBXFileReference; explicitFileType = wrapper.framework; includeInIndex = 0; path = Pods_IEX_Mobile.framework; sourceTree = BUILT_PRODUCTS_DIR; };
		7D4D628C33716D69AD05A8D4 /* Pods-IEX MobileTests.debug.xcconfig */ = {isa = PBXFileReference; includeInIndex = 1; lastKnownFileType = text.xcconfig; name = "Pods-IEX MobileTests.debug.xcconfig"; path = "Target Support Files/Pods-IEX MobileTests/Pods-IEX MobileTests.debug.xcconfig"; sourceTree = "<group>"; };
		7E75F37A9DD6AC39EE1AE5DD /* Pods-IEX MobileUITests.release.xcconfig */ = {isa = PBXFileReference; includeInIndex = 1; lastKnownFileType = text.xcconfig; name = "Pods-IEX MobileUITests.release.xcconfig"; path = "Target Support Files/Pods-IEX MobileUITests/Pods-IEX MobileUITests.release.xcconfig"; sourceTree = "<group>"; };
		8D29CD172290EC09003B2D68 /* CurrencyExchangeViewController.swift */ = {isa = PBXFileReference; lastKnownFileType = sourcecode.swift; path = CurrencyExchangeViewController.swift; sourceTree = "<group>"; };
		8D29CD1A2290EEAB003B2D68 /* CurrenciesTableViewController.swift */ = {isa = PBXFileReference; lastKnownFileType = sourcecode.swift; path = CurrenciesTableViewController.swift; sourceTree = "<group>"; };
		8D29CD1C2290EEF6003B2D68 /* Currency.swift */ = {isa = PBXFileReference; lastKnownFileType = sourcecode.swift; path = Currency.swift; sourceTree = "<group>"; };
		8D29CD1E2290F3EA003B2D68 /* CurrencyTextField.swift */ = {isa = PBXFileReference; lastKnownFileType = sourcecode.swift; path = CurrencyTextField.swift; sourceTree = "<group>"; };
		8D29CD202290FC6B003B2D68 /* ExchangeRate.swift */ = {isa = PBXFileReference; lastKnownFileType = sourcecode.swift; path = ExchangeRate.swift; sourceTree = "<group>"; };
		8D29CD222291051D003B2D68 /* CurrencySymbols.swift */ = {isa = PBXFileReference; lastKnownFileType = sourcecode.swift; path = CurrencySymbols.swift; sourceTree = "<group>"; };
		8D3C9A00229C8BDB00CE481F /* CurrencyTableCell.swift */ = {isa = PBXFileReference; lastKnownFileType = sourcecode.swift; path = CurrencyTableCell.swift; sourceTree = "<group>"; };
		8D3C9A01229C8BDB00CE481F /* CurrencyTableCell.xib */ = {isa = PBXFileReference; lastKnownFileType = file.xib; path = CurrencyTableCell.xib; sourceTree = "<group>"; };
		8D3C9A04229C9FCA00CE481F /* IEXKeyboard.xib */ = {isa = PBXFileReference; lastKnownFileType = file.xib; path = IEXKeyboard.xib; sourceTree = "<group>"; };
		8D3C9A06229C9FF000CE481F /* IEXKeyboard.swift */ = {isa = PBXFileReference; lastKnownFileType = sourcecode.swift; path = IEXKeyboard.swift; sourceTree = "<group>"; };
		8D5FAAD1227B24100099EFB2 /* SelectionFeedbackGenerator.swift */ = {isa = PBXFileReference; lastKnownFileType = sourcecode.swift; path = SelectionFeedbackGenerator.swift; sourceTree = "<group>"; };
		8D5FAAD3227B243F0099EFB2 /* FeedbackPageBulletinItem.swift */ = {isa = PBXFileReference; lastKnownFileType = sourcecode.swift; path = FeedbackPageBulletinItem.swift; sourceTree = "<group>"; };
		8D5FAAD5227B24680099EFB2 /* TextFieldBullentinPage.swift */ = {isa = PBXFileReference; lastKnownFileType = sourcecode.swift; path = TextFieldBullentinPage.swift; sourceTree = "<group>"; };
		8D5FAAD7227BEF040099EFB2 /* Account.storyboard */ = {isa = PBXFileReference; lastKnownFileType = file.storyboard; path = Account.storyboard; sourceTree = "<group>"; };
		8D5FAAD9227BEF8B0099EFB2 /* Market.storyboard */ = {isa = PBXFileReference; lastKnownFileType = file.storyboard; path = Market.storyboard; sourceTree = "<group>"; };
		8D5FAADB227BEFEE0099EFB2 /* ReferenceData.storyboard */ = {isa = PBXFileReference; lastKnownFileType = file.storyboard; path = ReferenceData.storyboard; sourceTree = "<group>"; };
		8D5FAADD227BF06D0099EFB2 /* Company.storyboard */ = {isa = PBXFileReference; lastKnownFileType = file.storyboard; path = Company.storyboard; sourceTree = "<group>"; };
		8D5FF94C2279CECF00938CED /* IEXSwift+Account.swift */ = {isa = PBXFileReference; lastKnownFileType = sourcecode.swift; path = "IEXSwift+Account.swift"; sourceTree = "<group>"; };
		8D5FF94E2279CF1200938CED /* AccountMetadata.swift */ = {isa = PBXFileReference; lastKnownFileType = sourcecode.swift; path = AccountMetadata.swift; sourceTree = "<group>"; };
		8D5FF9502279D07100938CED /* IEXAccountEndpoint.swift */ = {isa = PBXFileReference; lastKnownFileType = sourcecode.swift; path = IEXAccountEndpoint.swift; sourceTree = "<group>"; };
		8D5FF9522279D63B00938CED /* EnvironmentTableViewController.swift */ = {isa = PBXFileReference; lastKnownFileType = sourcecode.swift; path = EnvironmentTableViewController.swift; sourceTree = "<group>"; };
		8D7C440A2272546700C6609B /* IEX Mobile.app */ = {isa = PBXFileReference; explicitFileType = wrapper.application; includeInIndex = 0; path = "IEX Mobile.app"; sourceTree = BUILT_PRODUCTS_DIR; };
		8D7C440D2272546700C6609B /* AppDelegate.swift */ = {isa = PBXFileReference; lastKnownFileType = sourcecode.swift; path = AppDelegate.swift; sourceTree = "<group>"; };
		8D7C44122272546700C6609B /* Base */ = {isa = PBXFileReference; lastKnownFileType = file.storyboard; name = Base; path = Base.lproj/Main.storyboard; sourceTree = "<group>"; };
		8D7C44152272546700C6609B /* IEX_Mobile.xcdatamodel */ = {isa = PBXFileReference; lastKnownFileType = wrapper.xcdatamodel; path = IEX_Mobile.xcdatamodel; sourceTree = "<group>"; };
		8D7C44172272546800C6609B /* Assets.xcassets */ = {isa = PBXFileReference; lastKnownFileType = folder.assetcatalog; path = Assets.xcassets; sourceTree = "<group>"; };
		8D7C441A2272546800C6609B /* Base */ = {isa = PBXFileReference; lastKnownFileType = file.storyboard; name = Base; path = Base.lproj/LaunchScreen.storyboard; sourceTree = "<group>"; };
		8D7C441C2272546800C6609B /* Info.plist */ = {isa = PBXFileReference; lastKnownFileType = text.plist.xml; path = Info.plist; sourceTree = "<group>"; };
		8D7C44212272546800C6609B /* IEX MobileTests.xctest */ = {isa = PBXFileReference; explicitFileType = wrapper.cfbundle; includeInIndex = 0; path = "IEX MobileTests.xctest"; sourceTree = BUILT_PRODUCTS_DIR; };
		8D7C44252272546800C6609B /* IEX_MobileTests.swift */ = {isa = PBXFileReference; lastKnownFileType = sourcecode.swift; path = IEX_MobileTests.swift; sourceTree = "<group>"; };
		8D7C44272272546800C6609B /* Info.plist */ = {isa = PBXFileReference; lastKnownFileType = text.plist.xml; path = Info.plist; sourceTree = "<group>"; };
		8D7C442C2272546800C6609B /* IEX MobileUITests.xctest */ = {isa = PBXFileReference; explicitFileType = wrapper.cfbundle; includeInIndex = 0; path = "IEX MobileUITests.xctest"; sourceTree = BUILT_PRODUCTS_DIR; };
		8D7C44302272546800C6609B /* IEX_MobileUITests.swift */ = {isa = PBXFileReference; lastKnownFileType = sourcecode.swift; path = IEX_MobileUITests.swift; sourceTree = "<group>"; };
		8D7C44322272546800C6609B /* Info.plist */ = {isa = PBXFileReference; lastKnownFileType = text.plist.xml; path = Info.plist; sourceTree = "<group>"; };
		8D7C443E2272549800C6609B /* Storyboard.swift */ = {isa = PBXFileReference; lastKnownFileType = sourcecode.swift; path = Storyboard.swift; sourceTree = "<group>"; };
		8D7C44432272564E00C6609B /* Authentication.storyboard */ = {isa = PBXFileReference; lastKnownFileType = file.storyboard; path = Authentication.storyboard; sourceTree = "<group>"; };
		8D7C444522725F8300C6609B /* AuthenticationViewController.swift */ = {isa = PBXFileReference; lastKnownFileType = sourcecode.swift; path = AuthenticationViewController.swift; sourceTree = "<group>"; };
		8D7C44472272606800C6609B /* Segues.swift */ = {isa = PBXFileReference; lastKnownFileType = sourcecode.swift; path = Segues.swift; sourceTree = "<group>"; };
		8D7C4449227260F600C6609B /* Styles.swift */ = {isa = PBXFileReference; lastKnownFileType = sourcecode.swift; path = Styles.swift; sourceTree = "<group>"; };
		8D7C444B227261B900C6609B /* ViewController+Loading.swift */ = {isa = PBXFileReference; lastKnownFileType = sourcecode.swift; path = "ViewController+Loading.swift"; sourceTree = "<group>"; };
		8D7C444E2272635E00C6609B /* UIColor+IEX.swift */ = {isa = PBXFileReference; lastKnownFileType = sourcecode.swift; path = "UIColor+IEX.swift"; sourceTree = "<group>"; };
		8D7C445022726E6B00C6609B /* UITextField+Text.swift */ = {isa = PBXFileReference; lastKnownFileType = sourcecode.swift; path = "UITextField+Text.swift"; sourceTree = "<group>"; };
		8D8B1D49227FC61400A05684 /* BalanceSheetViewController.swift */ = {isa = PBXFileReference; lastKnownFileType = sourcecode.swift; path = BalanceSheetViewController.swift; sourceTree = "<group>"; };
		8D8B1D4B227FC6BA00A05684 /* BalanceSheetPageViewController.swift */ = {isa = PBXFileReference; lastKnownFileType = sourcecode.swift; path = BalanceSheetPageViewController.swift; sourceTree = "<group>"; };
		8D8B1D4D227FC6F900A05684 /* BalanceSheet.swift */ = {isa = PBXFileReference; lastKnownFileType = sourcecode.swift; path = BalanceSheet.swift; sourceTree = "<group>"; };
		8DD2EC83229B08280076CBAE /* URLs.swift */ = {isa = PBXFileReference; lastKnownFileType = sourcecode.swift; path = URLs.swift; sourceTree = "<group>"; };
		8DFF1F3222729333005B807A /* Constants.swift */ = {isa = PBXFileReference; lastKnownFileType = sourcecode.swift; path = Constants.swift; sourceTree = "<group>"; };
		8DFF1F362272A5CF005B807A /* KeychainService.swift */ = {isa = PBXFileReference; lastKnownFileType = sourcecode.swift; path = KeychainService.swift; sourceTree = "<group>"; };
		8DFF1F3822734993005B807A /* StockSymbol.swift */ = {isa = PBXFileReference; lastKnownFileType = sourcecode.swift; path = StockSymbol.swift; sourceTree = "<group>"; };
		8DFF1F3C22735FFD005B807A /* CompanyInformationViewController.swift */ = {isa = PBXFileReference; lastKnownFileType = sourcecode.swift; path = CompanyInformationViewController.swift; sourceTree = "<group>"; };
		8DFF1F3E2273DAC8005B807A /* IEXSwift.swift */ = {isa = PBXFileReference; lastKnownFileType = sourcecode.swift; path = IEXSwift.swift; sourceTree = "<group>"; };
		8DFF1F402273DC47005B807A /* CompanyInformation.swift */ = {isa = PBXFileReference; lastKnownFileType = sourcecode.swift; path = CompanyInformation.swift; sourceTree = "<group>"; };
		8DFF1F422273F4C9005B807A /* IEXEnvironment.swift */ = {isa = PBXFileReference; lastKnownFileType = sourcecode.swift; path = IEXEnvironment.swift; sourceTree = "<group>"; };
		8DFF1F46227401FB005B807A /* IEXStockEndpoint.swift */ = {isa = PBXFileReference; lastKnownFileType = sourcecode.swift; path = IEXStockEndpoint.swift; sourceTree = "<group>"; };
		8DFF1F4822740A39005B807A /* CompanyAdvancedStatistics.swift */ = {isa = PBXFileReference; lastKnownFileType = sourcecode.swift; path = CompanyAdvancedStatistics.swift; sourceTree = "<group>"; };
		8DFF1F4B22751D38005B807A /* NewsArticleView.swift */ = {isa = PBXFileReference; lastKnownFileType = sourcecode.swift; path = NewsArticleView.swift; sourceTree = "<group>"; };
		8DFF1F4E22751D65005B807A /* NewsArticleView.xib */ = {isa = PBXFileReference; lastKnownFileType = file.xib; path = NewsArticleView.xib; sourceTree = "<group>"; };
		8DFF1F50227524D6005B807A /* CompanyNewsArticle.swift */ = {isa = PBXFileReference; lastKnownFileType = sourcecode.swift; path = CompanyNewsArticle.swift; sourceTree = "<group>"; };
		8DFF1F5222763416005B807A /* CompanySearchViewController.swift */ = {isa = PBXFileReference; fileEncoding = 4; lastKnownFileType = sourcecode.swift; path = CompanySearchViewController.swift; sourceTree = "<group>"; };
		8DFF1F5422763C6E005B807A /* IEXMobileUtilities.swift */ = {isa = PBXFileReference; lastKnownFileType = sourcecode.swift; path = IEXMobileUtilities.swift; sourceTree = "<group>"; };
		8DFF1F5822764E77005B807A /* IEXChartRange.swift */ = {isa = PBXFileReference; lastKnownFileType = sourcecode.swift; path = IEXChartRange.swift; sourceTree = "<group>"; };
		8DFF1F5A22764EB8005B807A /* CompanyChartDataItem.swift */ = {isa = PBXFileReference; lastKnownFileType = sourcecode.swift; path = CompanyChartDataItem.swift; sourceTree = "<group>"; };
		8DFF1F5E2277C3A2005B807A /* IEXSwift+Stock.swift */ = {isa = PBXFileReference; lastKnownFileType = sourcecode.swift; path = "IEXSwift+Stock.swift"; sourceTree = "<group>"; };
		8DFF1F602277C404005B807A /* IEXSwift+ReferenceData.swift */ = {isa = PBXFileReference; lastKnownFileType = sourcecode.swift; path = "IEXSwift+ReferenceData.swift"; sourceTree = "<group>"; };
		8DFF1F622277EB7C005B807A /* IEXReferenceDataEndpoint.swift */ = {isa = PBXFileReference; lastKnownFileType = sourcecode.swift; path = IEXReferenceDataEndpoint.swift; sourceTree = "<group>"; };
		8DFF1F64227813C5005B807A /* CompanyLogo.swift */ = {isa = PBXFileReference; lastKnownFileType = sourcecode.swift; path = CompanyLogo.swift; sourceTree = "<group>"; };
		8DFF1F6B22787F82005B807A /* IEXError.swift */ = {isa = PBXFileReference; lastKnownFileType = sourcecode.swift; path = IEXError.swift; sourceTree = "<group>"; };
		8DFF1F6D22788643005B807A /* AccountViewController.swift */ = {isa = PBXFileReference; lastKnownFileType = sourcecode.swift; path = AccountViewController.swift; sourceTree = "<group>"; };
		8DFF1F6F227957F8005B807A /* IEXSwift+Status.swift */ = {isa = PBXFileReference; lastKnownFileType = sourcecode.swift; path = "IEXSwift+Status.swift"; sourceTree = "<group>"; };
		8DFF1F712279582B005B807A /* IEXServiceStatus.swift */ = {isa = PBXFileReference; lastKnownFileType = sourcecode.swift; path = IEXServiceStatus.swift; sourceTree = "<group>"; };
		8DFF1F7322795891005B807A /* IEXServiceEndpoint.swift */ = {isa = PBXFileReference; lastKnownFileType = sourcecode.swift; path = IEXServiceEndpoint.swift; sourceTree = "<group>"; };
		8DFF1F7522796441005B807A /* TokensTableViewController.swift */ = {isa = PBXFileReference; lastKnownFileType = sourcecode.swift; path = TokensTableViewController.swift; sourceTree = "<group>"; };
		ACC5F3996AEE0EC5A5F18433 /* Pods_IEX_MobileUITests.framework */ = {isa = PBXFileReference; explicitFileType = wrapper.framework; includeInIndex = 0; path = Pods_IEX_MobileUITests.framework; sourceTree = BUILT_PRODUCTS_DIR; };
		FFB8AA15639B5EEF38AE9A09 /* Pods-IEX MobileUITests.debug.xcconfig */ = {isa = PBXFileReference; includeInIndex = 1; lastKnownFileType = text.xcconfig; name = "Pods-IEX MobileUITests.debug.xcconfig"; path = "Target Support Files/Pods-IEX MobileUITests/Pods-IEX MobileUITests.debug.xcconfig"; sourceTree = "<group>"; };
/* End PBXFileReference section */

/* Begin PBXFrameworksBuildPhase section */
		8D7C44072272546700C6609B /* Frameworks */ = {
			isa = PBXFrameworksBuildPhase;
			buildActionMask = 2147483647;
			files = (
				FD7DC1E2154628AAACFC634A /* Pods_IEX_Mobile.framework in Frameworks */,
			);
			runOnlyForDeploymentPostprocessing = 0;
		};
		8D7C441E2272546800C6609B /* Frameworks */ = {
			isa = PBXFrameworksBuildPhase;
			buildActionMask = 2147483647;
			files = (
				398D917F930C28F597E1BB14 /* Pods_IEX_MobileTests.framework in Frameworks */,
			);
			runOnlyForDeploymentPostprocessing = 0;
		};
		8D7C44292272546800C6609B /* Frameworks */ = {
			isa = PBXFrameworksBuildPhase;
			buildActionMask = 2147483647;
			files = (
				17B93F88A417D34CE0A10AB5 /* Pods_IEX_MobileUITests.framework in Frameworks */,
			);
			runOnlyForDeploymentPostprocessing = 0;
		};
/* End PBXFrameworksBuildPhase section */

/* Begin PBXGroup section */
		8D29CD192290EC0D003B2D68 /* Currency Exchange */ = {
			isa = PBXGroup;
			children = (
				8D29CD172290EC09003B2D68 /* CurrencyExchangeViewController.swift */,
				8D29CD1A2290EEAB003B2D68 /* CurrenciesTableViewController.swift */,
			);
			path = "Currency Exchange";
			sourceTree = "<group>";
		};
		8D7C44012272546700C6609B = {
			isa = PBXGroup;
			children = (
				8D7C440C2272546700C6609B /* IEX Mobile */,
				8DFF1F4A22751CD0005B807A /* IEXSwift */,
				8D7C44242272546800C6609B /* IEX MobileTests */,
				8D7C442F2272546800C6609B /* IEX MobileUITests */,
				8D7C440B2272546700C6609B /* Products */,
				AA6AAA2D94811BE328126025 /* Pods */,
				DE3CEA759D14F523F307CD22 /* Frameworks */,
			);
			sourceTree = "<group>";
		};
		8D7C440B2272546700C6609B /* Products */ = {
			isa = PBXGroup;
			children = (
				8D7C440A2272546700C6609B /* IEX Mobile.app */,
				8D7C44212272546800C6609B /* IEX MobileTests.xctest */,
				8D7C442C2272546800C6609B /* IEX MobileUITests.xctest */,
			);
			name = Products;
			sourceTree = "<group>";
		};
		8D7C440C2272546700C6609B /* IEX Mobile */ = {
			isa = PBXGroup;
			children = (
				8D7C4440227254E900C6609B /* Supporting Files */,
				8D7C4441227255A600C6609B /* Storyboards */,
				8D7C4442227255B900C6609B /* Utilities */,
				8DFF1F3A22735F57005B807A /* Service Objects */,
				8D7C444D227261C800C6609B /* Extensions */,
				8DFF1F3B22735F61005B807A /* View Controllers */,
				8DFF1F4D22751D43005B807A /* UI */,
			);
			path = "IEX Mobile";
			sourceTree = "<group>";
		};
		8D7C44242272546800C6609B /* IEX MobileTests */ = {
			isa = PBXGroup;
			children = (
				8D7C44252272546800C6609B /* IEX_MobileTests.swift */,
				8D7C44272272546800C6609B /* Info.plist */,
			);
			path = "IEX MobileTests";
			sourceTree = "<group>";
		};
		8D7C442F2272546800C6609B /* IEX MobileUITests */ = {
			isa = PBXGroup;
			children = (
				8D7C44302272546800C6609B /* IEX_MobileUITests.swift */,
				8D7C44322272546800C6609B /* Info.plist */,
			);
			path = "IEX MobileUITests";
			sourceTree = "<group>";
		};
		8D7C4440227254E900C6609B /* Supporting Files */ = {
			isa = PBXGroup;
			children = (
				8D7C440D2272546700C6609B /* AppDelegate.swift */,
				8D7C44172272546800C6609B /* Assets.xcassets */,
				8D7C44192272546800C6609B /* LaunchScreen.storyboard */,
				8D7C441C2272546800C6609B /* Info.plist */,
				8D7C44142272546700C6609B /* IEX_Mobile.xcdatamodeld */,
			);
			path = "Supporting Files";
			sourceTree = "<group>";
		};
		8D7C4441227255A600C6609B /* Storyboards */ = {
			isa = PBXGroup;
			children = (
				8D7C44432272564E00C6609B /* Authentication.storyboard */,
				8D7C44112272546700C6609B /* Main.storyboard */,
				8D5FAADD227BF06D0099EFB2 /* Company.storyboard */,
				8D5FAADB227BEFEE0099EFB2 /* ReferenceData.storyboard */,
				8D5FAAD9227BEF8B0099EFB2 /* Market.storyboard */,
				8D5FAAD7227BEF040099EFB2 /* Account.storyboard */,
			);
			path = Storyboards;
			sourceTree = "<group>";
		};
		8D7C4442227255B900C6609B /* Utilities */ = {
			isa = PBXGroup;
			children = (
				8D7C443E2272549800C6609B /* Storyboard.swift */,
				8D7C44472272606800C6609B /* Segues.swift */,
				8D7C4449227260F600C6609B /* Styles.swift */,
				8DFF1F3222729333005B807A /* Constants.swift */,
				8DFF1F362272A5CF005B807A /* KeychainService.swift */,
				8DFF1F5422763C6E005B807A /* IEXMobileUtilities.swift */,
				8D5FAAD1227B24100099EFB2 /* SelectionFeedbackGenerator.swift */,
				8DD2EC83229B08280076CBAE /* URLs.swift */,
			);
			path = Utilities;
			sourceTree = "<group>";
		};
		8D7C444D227261C800C6609B /* Extensions */ = {
			isa = PBXGroup;
			children = (
				8D7C444B227261B900C6609B /* ViewController+Loading.swift */,
				8D7C444E2272635E00C6609B /* UIColor+IEX.swift */,
				8D7C445022726E6B00C6609B /* UITextField+Text.swift */,
			);
			path = Extensions;
			sourceTree = "<group>";
		};
		8D8B1D4F227FC8E600A05684 /* Company */ = {
			isa = PBXGroup;
			children = (
				8DFF1F5222763416005B807A /* CompanySearchViewController.swift */,
				8DFF1F3C22735FFD005B807A /* CompanyInformationViewController.swift */,
				8D8B1D4B227FC6BA00A05684 /* BalanceSheetPageViewController.swift */,
				8D8B1D49227FC61400A05684 /* BalanceSheetViewController.swift */,
			);
			path = Company;
			sourceTree = "<group>";
		};
		8D8B1D50227FC8F800A05684 /* Account */ = {
			isa = PBXGroup;
			children = (
				8DFF1F6D22788643005B807A /* AccountViewController.swift */,
				8DFF1F7522796441005B807A /* TokensTableViewController.swift */,
				8D5FF9522279D63B00938CED /* EnvironmentTableViewController.swift */,
			);
			path = Account;
			sourceTree = "<group>";
		};
		8D8B1D51227FC90300A05684 /* Authentication */ = {
			isa = PBXGroup;
			children = (
				8D7C444522725F8300C6609B /* AuthenticationViewController.swift */,
			);
			path = Authentication;
			sourceTree = "<group>";
		};
		8DFF1F3A22735F57005B807A /* Service Objects */ = {
			isa = PBXGroup;
			children = (
				8DFF1F3822734993005B807A /* StockSymbol.swift */,
				8DFF1F402273DC47005B807A /* CompanyInformation.swift */,
				8DFF1F4822740A39005B807A /* CompanyAdvancedStatistics.swift */,
				8DFF1F50227524D6005B807A /* CompanyNewsArticle.swift */,
				8DFF1F5A22764EB8005B807A /* CompanyChartDataItem.swift */,
				8DFF1F64227813C5005B807A /* CompanyLogo.swift */,
				8D5FF94E2279CF1200938CED /* AccountMetadata.swift */,
				8D8B1D4D227FC6F900A05684 /* BalanceSheet.swift */,
				8D29CD1C2290EEF6003B2D68 /* Currency.swift */,
				8D29CD202290FC6B003B2D68 /* ExchangeRate.swift */,
				8D29CD222291051D003B2D68 /* CurrencySymbols.swift */,
			);
			path = "Service Objects";
			sourceTree = "<group>";
		};
		8DFF1F3B22735F61005B807A /* View Controllers */ = {
			isa = PBXGroup;
			children = (
				8D8B1D51227FC90300A05684 /* Authentication */,
				8D8B1D4F227FC8E600A05684 /* Company */,
				8D8B1D50227FC8F800A05684 /* Account */,
				8D29CD192290EC0D003B2D68 /* Currency Exchange */,
			);
			path = "View Controllers";
			sourceTree = "<group>";
		};
		8DFF1F4A22751CD0005B807A /* IEXSwift */ = {
			isa = PBXGroup;
			children = (
				8DFF1F6722781870005B807A /* Source */,
			);
			path = IEXSwift;
			sourceTree = "<group>";
		};
		8DFF1F4D22751D43005B807A /* UI */ = {
			isa = PBXGroup;
			children = (
				8DFF1F4B22751D38005B807A /* NewsArticleView.swift */,
				8DFF1F4E22751D65005B807A /* NewsArticleView.xib */,
				8D5FAAD3227B243F0099EFB2 /* FeedbackPageBulletinItem.swift */,
				8D5FAAD5227B24680099EFB2 /* TextFieldBullentinPage.swift */,
				8D29CD1E2290F3EA003B2D68 /* CurrencyTextField.swift */,
				8D3C9A00229C8BDB00CE481F /* CurrencyTableCell.swift */,
				8D3C9A01229C8BDB00CE481F /* CurrencyTableCell.xib */,
				8D3C9A04229C9FCA00CE481F /* IEXKeyboard.xib */,
				8D3C9A06229C9FF000CE481F /* IEXKeyboard.swift */,
			);
			path = UI;
			sourceTree = "<group>";
		};
		8DFF1F662278184B005B807A /* Endpoints */ = {
			isa = PBXGroup;
			children = (
				8DFF1F46227401FB005B807A /* IEXStockEndpoint.swift */,
				8DFF1F622277EB7C005B807A /* IEXReferenceDataEndpoint.swift */,
				8DFF1F7322795891005B807A /* IEXServiceEndpoint.swift */,
				8D5FF9502279D07100938CED /* IEXAccountEndpoint.swift */,
			);
			path = Endpoints;
			sourceTree = "<group>";
		};
		8DFF1F6722781870005B807A /* Source */ = {
			isa = PBXGroup;
			children = (
				8DFF1F68227818D3005B807A /* Support */,
				8DFF1F69227818E3005B807A /* Environment */,
				8DFF1F662278184B005B807A /* Endpoints */,
				8DFF1F6A2278191D005B807A /* Resources */,
				8DFF1F3E2273DAC8005B807A /* IEXSwift.swift */,
			);
			path = Source;
			sourceTree = "<group>";
		};
		8DFF1F68227818D3005B807A /* Support */ = {
			isa = PBXGroup;
			children = (
				8DFF1F712279582B005B807A /* IEXServiceStatus.swift */,
				8DFF1F5822764E77005B807A /* IEXChartRange.swift */,
				8DFF1F6B22787F82005B807A /* IEXError.swift */,
			);
			path = Support;
			sourceTree = "<group>";
		};
		8DFF1F69227818E3005B807A /* Environment */ = {
			isa = PBXGroup;
			children = (
				8DFF1F422273F4C9005B807A /* IEXEnvironment.swift */,
			);
			path = Environment;
			sourceTree = "<group>";
		};
		8DFF1F6A2278191D005B807A /* Resources */ = {
			isa = PBXGroup;
			children = (
				8DFF1F5E2277C3A2005B807A /* IEXSwift+Stock.swift */,
				8DFF1F602277C404005B807A /* IEXSwift+ReferenceData.swift */,
				8DFF1F6F227957F8005B807A /* IEXSwift+Status.swift */,
				8D5FF94C2279CECF00938CED /* IEXSwift+Account.swift */,
			);
			path = Resources;
			sourceTree = "<group>";
		};
		AA6AAA2D94811BE328126025 /* Pods */ = {
			isa = PBXGroup;
			children = (
				5DDBB08A7A8C718B60682EB8 /* Pods-IEX Mobile.debug.xcconfig */,
				07A5885263EB9693E9269E2D /* Pods-IEX Mobile.release.xcconfig */,
				7D4D628C33716D69AD05A8D4 /* Pods-IEX MobileTests.debug.xcconfig */,
				5E48765AD0C86E96D1EC79EA /* Pods-IEX MobileTests.release.xcconfig */,
				FFB8AA15639B5EEF38AE9A09 /* Pods-IEX MobileUITests.debug.xcconfig */,
				7E75F37A9DD6AC39EE1AE5DD /* Pods-IEX MobileUITests.release.xcconfig */,
			);
			path = Pods;
			sourceTree = "<group>";
		};
		DE3CEA759D14F523F307CD22 /* Frameworks */ = {
			isa = PBXGroup;
			children = (
				611E485C2DDC7A1B436C288D /* Pods_IEX_Mobile.framework */,
				298786589319D5BF7A18C445 /* Pods_IEX_MobileTests.framework */,
				ACC5F3996AEE0EC5A5F18433 /* Pods_IEX_MobileUITests.framework */,
			);
			name = Frameworks;
			sourceTree = "<group>";
		};
/* End PBXGroup section */

/* Begin PBXNativeTarget section */
		8D7C44092272546700C6609B /* IEX Mobile */ = {
			isa = PBXNativeTarget;
			buildConfigurationList = 8D7C44352272546800C6609B /* Build configuration list for PBXNativeTarget "IEX Mobile" */;
			buildPhases = (
				B2B83DDDD67983998E2030CA /* [CP] Check Pods Manifest.lock */,
				8D7C44062272546700C6609B /* Sources */,
				8D7C44072272546700C6609B /* Frameworks */,
				8D7C44082272546700C6609B /* Resources */,
				F91F5267CB1B756EDB5C2501 /* [CP] Embed Pods Frameworks */,
			);
			buildRules = (
			);
			dependencies = (
			);
			name = "IEX Mobile";
			productName = "IEX Mobile";
			productReference = 8D7C440A2272546700C6609B /* IEX Mobile.app */;
			productType = "com.apple.product-type.application";
		};
		8D7C44202272546800C6609B /* IEX MobileTests */ = {
			isa = PBXNativeTarget;
			buildConfigurationList = 8D7C44382272546800C6609B /* Build configuration list for PBXNativeTarget "IEX MobileTests" */;
			buildPhases = (
				4D1ACD572A1C9223D2AF8EE9 /* [CP] Check Pods Manifest.lock */,
				8D7C441D2272546800C6609B /* Sources */,
				8D7C441E2272546800C6609B /* Frameworks */,
				8D7C441F2272546800C6609B /* Resources */,
			);
			buildRules = (
			);
			dependencies = (
				8D7C44232272546800C6609B /* PBXTargetDependency */,
			);
			name = "IEX MobileTests";
			productName = "IEX MobileTests";
			productReference = 8D7C44212272546800C6609B /* IEX MobileTests.xctest */;
			productType = "com.apple.product-type.bundle.unit-test";
		};
		8D7C442B2272546800C6609B /* IEX MobileUITests */ = {
			isa = PBXNativeTarget;
			buildConfigurationList = 8D7C443B2272546800C6609B /* Build configuration list for PBXNativeTarget "IEX MobileUITests" */;
			buildPhases = (
				D6AFAF567B418C27AE66B2FA /* [CP] Check Pods Manifest.lock */,
				8D7C44282272546800C6609B /* Sources */,
				8D7C44292272546800C6609B /* Frameworks */,
				8D7C442A2272546800C6609B /* Resources */,
			);
			buildRules = (
			);
			dependencies = (
				8D7C442E2272546800C6609B /* PBXTargetDependency */,
			);
			name = "IEX MobileUITests";
			productName = "IEX MobileUITests";
			productReference = 8D7C442C2272546800C6609B /* IEX MobileUITests.xctest */;
			productType = "com.apple.product-type.bundle.ui-testing";
		};
/* End PBXNativeTarget section */

/* Begin PBXProject section */
		8D7C44022272546700C6609B /* Project object */ = {
			isa = PBXProject;
			attributes = {
				LastSwiftUpdateCheck = 1020;
				LastUpgradeCheck = 1020;
				ORGANIZATIONNAME = "Camden Developers";
				TargetAttributes = {
					8D7C44092272546700C6609B = {
						CreatedOnToolsVersion = 10.2.1;
					};
					8D7C44202272546800C6609B = {
						CreatedOnToolsVersion = 10.2.1;
						TestTargetID = 8D7C44092272546700C6609B;
					};
					8D7C442B2272546800C6609B = {
						CreatedOnToolsVersion = 10.2.1;
						TestTargetID = 8D7C44092272546700C6609B;
					};
				};
			};
			buildConfigurationList = 8D7C44052272546700C6609B /* Build configuration list for PBXProject "IEX Mobile" */;
			compatibilityVersion = "Xcode 9.3";
			developmentRegion = en;
			hasScannedForEncodings = 0;
			knownRegions = (
				en,
				Base,
			);
			mainGroup = 8D7C44012272546700C6609B;
			productRefGroup = 8D7C440B2272546700C6609B /* Products */;
			projectDirPath = "";
			projectRoot = "";
			targets = (
				8D7C44092272546700C6609B /* IEX Mobile */,
				8D7C44202272546800C6609B /* IEX MobileTests */,
				8D7C442B2272546800C6609B /* IEX MobileUITests */,
			);
		};
/* End PBXProject section */

/* Begin PBXResourcesBuildPhase section */
		8D7C44082272546700C6609B /* Resources */ = {
			isa = PBXResourcesBuildPhase;
			buildActionMask = 2147483647;
			files = (
				8D5FAADC227BEFEE0099EFB2 /* ReferenceData.storyboard in Resources */,
				8D5FAADA227BEF8B0099EFB2 /* Market.storyboard in Resources */,
				8D5FAADE227BF06D0099EFB2 /* Company.storyboard in Resources */,
				8D3C9A05229C9FCA00CE481F /* IEXKeyboard.xib in Resources */,
				8D7C44442272564E00C6609B /* Authentication.storyboard in Resources */,
				8D7C441B2272546800C6609B /* LaunchScreen.storyboard in Resources */,
				8D3C9A03229C8BDB00CE481F /* CurrencyTableCell.xib in Resources */,
				8DFF1F4F22751D65005B807A /* NewsArticleView.xib in Resources */,
				8D7C44182272546800C6609B /* Assets.xcassets in Resources */,
				8D5FAAD8227BEF040099EFB2 /* Account.storyboard in Resources */,
				8D7C44132272546700C6609B /* Main.storyboard in Resources */,
			);
			runOnlyForDeploymentPostprocessing = 0;
		};
		8D7C441F2272546800C6609B /* Resources */ = {
			isa = PBXResourcesBuildPhase;
			buildActionMask = 2147483647;
			files = (
			);
			runOnlyForDeploymentPostprocessing = 0;
		};
		8D7C442A2272546800C6609B /* Resources */ = {
			isa = PBXResourcesBuildPhase;
			buildActionMask = 2147483647;
			files = (
			);
			runOnlyForDeploymentPostprocessing = 0;
		};
/* End PBXResourcesBuildPhase section */

/* Begin PBXShellScriptBuildPhase section */
		4D1ACD572A1C9223D2AF8EE9 /* [CP] Check Pods Manifest.lock */ = {
			isa = PBXShellScriptBuildPhase;
			buildActionMask = 2147483647;
			files = (
			);
			inputFileListPaths = (
			);
			inputPaths = (
				"${PODS_PODFILE_DIR_PATH}/Podfile.lock",
				"${PODS_ROOT}/Manifest.lock",
			);
			name = "[CP] Check Pods Manifest.lock";
			outputFileListPaths = (
			);
			outputPaths = (
				"$(DERIVED_FILE_DIR)/Pods-IEX MobileTests-checkManifestLockResult.txt",
			);
			runOnlyForDeploymentPostprocessing = 0;
			shellPath = /bin/sh;
			shellScript = "diff \"${PODS_PODFILE_DIR_PATH}/Podfile.lock\" \"${PODS_ROOT}/Manifest.lock\" > /dev/null\nif [ $? != 0 ] ; then\n    # print error to STDERR\n    echo \"error: The sandbox is not in sync with the Podfile.lock. Run 'pod install' or update your CocoaPods installation.\" >&2\n    exit 1\nfi\n# This output is used by Xcode 'outputs' to avoid re-running this script phase.\necho \"SUCCESS\" > \"${SCRIPT_OUTPUT_FILE_0}\"\n";
			showEnvVarsInLog = 0;
		};
		B2B83DDDD67983998E2030CA /* [CP] Check Pods Manifest.lock */ = {
			isa = PBXShellScriptBuildPhase;
			buildActionMask = 2147483647;
			files = (
			);
			inputFileListPaths = (
			);
			inputPaths = (
				"${PODS_PODFILE_DIR_PATH}/Podfile.lock",
				"${PODS_ROOT}/Manifest.lock",
			);
			name = "[CP] Check Pods Manifest.lock";
			outputFileListPaths = (
			);
			outputPaths = (
				"$(DERIVED_FILE_DIR)/Pods-IEX Mobile-checkManifestLockResult.txt",
			);
			runOnlyForDeploymentPostprocessing = 0;
			shellPath = /bin/sh;
			shellScript = "diff \"${PODS_PODFILE_DIR_PATH}/Podfile.lock\" \"${PODS_ROOT}/Manifest.lock\" > /dev/null\nif [ $? != 0 ] ; then\n    # print error to STDERR\n    echo \"error: The sandbox is not in sync with the Podfile.lock. Run 'pod install' or update your CocoaPods installation.\" >&2\n    exit 1\nfi\n# This output is used by Xcode 'outputs' to avoid re-running this script phase.\necho \"SUCCESS\" > \"${SCRIPT_OUTPUT_FILE_0}\"\n";
			showEnvVarsInLog = 0;
		};
		D6AFAF567B418C27AE66B2FA /* [CP] Check Pods Manifest.lock */ = {
			isa = PBXShellScriptBuildPhase;
			buildActionMask = 2147483647;
			files = (
			);
			inputFileListPaths = (
			);
			inputPaths = (
				"${PODS_PODFILE_DIR_PATH}/Podfile.lock",
				"${PODS_ROOT}/Manifest.lock",
			);
			name = "[CP] Check Pods Manifest.lock";
			outputFileListPaths = (
			);
			outputPaths = (
				"$(DERIVED_FILE_DIR)/Pods-IEX MobileUITests-checkManifestLockResult.txt",
			);
			runOnlyForDeploymentPostprocessing = 0;
			shellPath = /bin/sh;
			shellScript = "diff \"${PODS_PODFILE_DIR_PATH}/Podfile.lock\" \"${PODS_ROOT}/Manifest.lock\" > /dev/null\nif [ $? != 0 ] ; then\n    # print error to STDERR\n    echo \"error: The sandbox is not in sync with the Podfile.lock. Run 'pod install' or update your CocoaPods installation.\" >&2\n    exit 1\nfi\n# This output is used by Xcode 'outputs' to avoid re-running this script phase.\necho \"SUCCESS\" > \"${SCRIPT_OUTPUT_FILE_0}\"\n";
			showEnvVarsInLog = 0;
		};
		F91F5267CB1B756EDB5C2501 /* [CP] Embed Pods Frameworks */ = {
			isa = PBXShellScriptBuildPhase;
			buildActionMask = 2147483647;
			files = (
			);
			inputFileListPaths = (
			);
			inputPaths = (
				"${PODS_ROOT}/Target Support Files/Pods-IEX Mobile/Pods-IEX Mobile-frameworks.sh",
				"${BUILT_PRODUCTS_DIR}/Alamofire/Alamofire.framework",
				"${BUILT_PRODUCTS_DIR}/BulletinBoard/BLTNBoard.framework",
				"${BUILT_PRODUCTS_DIR}/Charts/Charts.framework",
				"${BUILT_PRODUCTS_DIR}/NVActivityIndicatorView/NVActivityIndicatorView.framework",
				"${BUILT_PRODUCTS_DIR}/SwiftDate/SwiftDate.framework",
			);
			name = "[CP] Embed Pods Frameworks";
			outputFileListPaths = (
			);
			outputPaths = (
				"${TARGET_BUILD_DIR}/${FRAMEWORKS_FOLDER_PATH}/Alamofire.framework",
				"${TARGET_BUILD_DIR}/${FRAMEWORKS_FOLDER_PATH}/BLTNBoard.framework",
				"${TARGET_BUILD_DIR}/${FRAMEWORKS_FOLDER_PATH}/Charts.framework",
				"${TARGET_BUILD_DIR}/${FRAMEWORKS_FOLDER_PATH}/NVActivityIndicatorView.framework",
				"${TARGET_BUILD_DIR}/${FRAMEWORKS_FOLDER_PATH}/SwiftDate.framework",
			);
			runOnlyForDeploymentPostprocessing = 0;
			shellPath = /bin/sh;
			shellScript = "\"${PODS_ROOT}/Target Support Files/Pods-IEX Mobile/Pods-IEX Mobile-frameworks.sh\"\n";
			showEnvVarsInLog = 0;
		};
/* End PBXShellScriptBuildPhase section */

/* Begin PBXSourcesBuildPhase section */
		8D7C44062272546700C6609B /* Sources */ = {
			isa = PBXSourcesBuildPhase;
			buildActionMask = 2147483647;
			files = (
				8DFF1F412273DC47005B807A /* CompanyInformation.swift in Sources */,
				8D5FF9532279D63B00938CED /* EnvironmentTableViewController.swift in Sources */,
				8DFF1F3F2273DAC8005B807A /* IEXSwift.swift in Sources */,
				8D5FAAD2227B24100099EFB2 /* SelectionFeedbackGenerator.swift in Sources */,
				8DFF1F4922740A39005B807A /* CompanyAdvancedStatistics.swift in Sources */,
				8D3C9A07229C9FF000CE481F /* IEXKeyboard.swift in Sources */,
				8DFF1F5922764E77005B807A /* IEXChartRange.swift in Sources */,
				8D29CD232291051D003B2D68 /* CurrencySymbols.swift in Sources */,
				8D29CD1F2290F3EA003B2D68 /* CurrencyTextField.swift in Sources */,
				8D7C443F2272549800C6609B /* Storyboard.swift in Sources */,
				8D7C444A227260F600C6609B /* Styles.swift in Sources */,
				8D8B1D4E227FC6F900A05684 /* BalanceSheet.swift in Sources */,
				8D7C444F2272635E00C6609B /* UIColor+IEX.swift in Sources */,
				8D7C44482272606800C6609B /* Segues.swift in Sources */,
				8DFF1F5322763417005B807A /* CompanySearchViewController.swift in Sources */,
				8D5FAAD6227B24680099EFB2 /* TextFieldBullentinPage.swift in Sources */,
				8DFF1F3922734993005B807A /* StockSymbol.swift in Sources */,
				8D29CD1B2290EEAB003B2D68 /* CurrenciesTableViewController.swift in Sources */,
				8D3C9A02229C8BDB00CE481F /* CurrencyTableCell.swift in Sources */,
				8DFF1F5522763C6E005B807A /* IEXMobileUtilities.swift in Sources */,
				8D7C445122726E6B00C6609B /* UITextField+Text.swift in Sources */,
				8D29CD182290EC09003B2D68 /* CurrencyExchangeViewController.swift in Sources */,
				8DFF1F722279582B005B807A /* IEXServiceStatus.swift in Sources */,
				8D29CD1D2290EEF6003B2D68 /* Currency.swift in Sources */,
				8D8B1D4A227FC61400A05684 /* BalanceSheetViewController.swift in Sources */,
				8DFF1F432273F4C9005B807A /* IEXEnvironment.swift in Sources */,
				8DFF1F3322729333005B807A /* Constants.swift in Sources */,
				8DFF1F65227813C5005B807A /* CompanyLogo.swift in Sources */,
				8DFF1F7422795891005B807A /* IEXServiceEndpoint.swift in Sources */,
				8DFF1F7622796441005B807A /* TokensTableViewController.swift in Sources */,
				8D5FF94F2279CF1200938CED /* AccountMetadata.swift in Sources */,
				8DFF1F612277C404005B807A /* IEXSwift+ReferenceData.swift in Sources */,
				8DFF1F47227401FB005B807A /* IEXStockEndpoint.swift in Sources */,
				8DFF1F51227524D6005B807A /* CompanyNewsArticle.swift in Sources */,
				8D5FF9512279D07100938CED /* IEXAccountEndpoint.swift in Sources */,
				8D5FAAD4227B243F0099EFB2 /* FeedbackPageBulletinItem.swift in Sources */,
				8DFF1F632277EB7C005B807A /* IEXReferenceDataEndpoint.swift in Sources */,
				8D7C444622725F8300C6609B /* AuthenticationViewController.swift in Sources */,
				8DFF1F4C22751D38005B807A /* NewsArticleView.swift in Sources */,
				8DD2EC84229B08280076CBAE /* URLs.swift in Sources */,
				8D7C440E2272546700C6609B /* AppDelegate.swift in Sources */,
				8DFF1F6C22787F82005B807A /* IEXError.swift in Sources */,
				8DFF1F5B22764EB8005B807A /* CompanyChartDataItem.swift in Sources */,
				8DFF1F372272A5CF005B807A /* KeychainService.swift in Sources */,
				8D29CD212290FC6B003B2D68 /* ExchangeRate.swift in Sources */,
				8D7C44162272546700C6609B /* IEX_Mobile.xcdatamodeld in Sources */,
				8DFF1F6E22788643005B807A /* AccountViewController.swift in Sources */,
				8D8B1D4C227FC6BA00A05684 /* BalanceSheetPageViewController.swift in Sources */,
				8DFF1F70227957F8005B807A /* IEXSwift+Status.swift in Sources */,
				8D5FF94D2279CECF00938CED /* IEXSwift+Account.swift in Sources */,
				8D7C444C227261B900C6609B /* ViewController+Loading.swift in Sources */,
				8DFF1F3D22735FFD005B807A /* CompanyInformationViewController.swift in Sources */,
				8DFF1F5F2277C3A2005B807A /* IEXSwift+Stock.swift in Sources */,
			);
			runOnlyForDeploymentPostprocessing = 0;
		};
		8D7C441D2272546800C6609B /* Sources */ = {
			isa = PBXSourcesBuildPhase;
			buildActionMask = 2147483647;
			files = (
				8D7C44262272546800C6609B /* IEX_MobileTests.swift in Sources */,
			);
			runOnlyForDeploymentPostprocessing = 0;
		};
		8D7C44282272546800C6609B /* Sources */ = {
			isa = PBXSourcesBuildPhase;
			buildActionMask = 2147483647;
			files = (
				8D7C44312272546800C6609B /* IEX_MobileUITests.swift in Sources */,
			);
			runOnlyForDeploymentPostprocessing = 0;
		};
/* End PBXSourcesBuildPhase section */

/* Begin PBXTargetDependency section */
		8D7C44232272546800C6609B /* PBXTargetDependency */ = {
			isa = PBXTargetDependency;
			target = 8D7C44092272546700C6609B /* IEX Mobile */;
			targetProxy = 8D7C44222272546800C6609B /* PBXContainerItemProxy */;
		};
		8D7C442E2272546800C6609B /* PBXTargetDependency */ = {
			isa = PBXTargetDependency;
			target = 8D7C44092272546700C6609B /* IEX Mobile */;
			targetProxy = 8D7C442D2272546800C6609B /* PBXContainerItemProxy */;
		};
/* End PBXTargetDependency section */

/* Begin PBXVariantGroup section */
		8D7C44112272546700C6609B /* Main.storyboard */ = {
			isa = PBXVariantGroup;
			children = (
				8D7C44122272546700C6609B /* Base */,
			);
			name = Main.storyboard;
			sourceTree = "<group>";
		};
		8D7C44192272546800C6609B /* LaunchScreen.storyboard */ = {
			isa = PBXVariantGroup;
			children = (
				8D7C441A2272546800C6609B /* Base */,
			);
			name = LaunchScreen.storyboard;
			sourceTree = "<group>";
		};
/* End PBXVariantGroup section */

/* Begin XCBuildConfiguration section */
		8D7C44332272546800C6609B /* Debug */ = {
			isa = XCBuildConfiguration;
			buildSettings = {
				ALWAYS_SEARCH_USER_PATHS = NO;
				CLANG_ANALYZER_NONNULL = YES;
				CLANG_ANALYZER_NUMBER_OBJECT_CONVERSION = YES_AGGRESSIVE;
				CLANG_CXX_LANGUAGE_STANDARD = "gnu++14";
				CLANG_CXX_LIBRARY = "libc++";
				CLANG_ENABLE_MODULES = YES;
				CLANG_ENABLE_OBJC_ARC = YES;
				CLANG_ENABLE_OBJC_WEAK = YES;
				CLANG_WARN_BLOCK_CAPTURE_AUTORELEASING = YES;
				CLANG_WARN_BOOL_CONVERSION = YES;
				CLANG_WARN_COMMA = YES;
				CLANG_WARN_CONSTANT_CONVERSION = YES;
				CLANG_WARN_DEPRECATED_OBJC_IMPLEMENTATIONS = YES;
				CLANG_WARN_DIRECT_OBJC_ISA_USAGE = YES_ERROR;
				CLANG_WARN_DOCUMENTATION_COMMENTS = YES;
				CLANG_WARN_EMPTY_BODY = YES;
				CLANG_WARN_ENUM_CONVERSION = YES;
				CLANG_WARN_INFINITE_RECURSION = YES;
				CLANG_WARN_INT_CONVERSION = YES;
				CLANG_WARN_NON_LITERAL_NULL_CONVERSION = YES;
				CLANG_WARN_OBJC_IMPLICIT_RETAIN_SELF = YES;
				CLANG_WARN_OBJC_LITERAL_CONVERSION = YES;
				CLANG_WARN_OBJC_ROOT_CLASS = YES_ERROR;
				CLANG_WARN_RANGE_LOOP_ANALYSIS = YES;
				CLANG_WARN_STRICT_PROTOTYPES = YES;
				CLANG_WARN_SUSPICIOUS_MOVE = YES;
				CLANG_WARN_UNGUARDED_AVAILABILITY = YES_AGGRESSIVE;
				CLANG_WARN_UNREACHABLE_CODE = YES;
				CLANG_WARN__DUPLICATE_METHOD_MATCH = YES;
				CODE_SIGN_IDENTITY = "iPhone Developer";
				COPY_PHASE_STRIP = NO;
				DEBUG_INFORMATION_FORMAT = dwarf;
				ENABLE_STRICT_OBJC_MSGSEND = YES;
				ENABLE_TESTABILITY = YES;
				GCC_C_LANGUAGE_STANDARD = gnu11;
				GCC_DYNAMIC_NO_PIC = NO;
				GCC_NO_COMMON_BLOCKS = YES;
				GCC_OPTIMIZATION_LEVEL = 0;
				GCC_PREPROCESSOR_DEFINITIONS = (
					"DEBUG=1",
					"$(inherited)",
				);
				GCC_WARN_64_TO_32_BIT_CONVERSION = YES;
				GCC_WARN_ABOUT_RETURN_TYPE = YES_ERROR;
				GCC_WARN_UNDECLARED_SELECTOR = YES;
				GCC_WARN_UNINITIALIZED_AUTOS = YES_AGGRESSIVE;
				GCC_WARN_UNUSED_FUNCTION = YES;
				GCC_WARN_UNUSED_VARIABLE = YES;
				IPHONEOS_DEPLOYMENT_TARGET = 12.0;
				MTL_ENABLE_DEBUG_INFO = INCLUDE_SOURCE;
				MTL_FAST_MATH = YES;
				ONLY_ACTIVE_ARCH = YES;
				SDKROOT = iphoneos;
				SWIFT_ACTIVE_COMPILATION_CONDITIONS = DEBUG;
				SWIFT_OPTIMIZATION_LEVEL = "-Onone";
			};
			name = Debug;
		};
		8D7C44342272546800C6609B /* Release */ = {
			isa = XCBuildConfiguration;
			buildSettings = {
				ALWAYS_SEARCH_USER_PATHS = NO;
				CLANG_ANALYZER_NONNULL = YES;
				CLANG_ANALYZER_NUMBER_OBJECT_CONVERSION = YES_AGGRESSIVE;
				CLANG_CXX_LANGUAGE_STANDARD = "gnu++14";
				CLANG_CXX_LIBRARY = "libc++";
				CLANG_ENABLE_MODULES = YES;
				CLANG_ENABLE_OBJC_ARC = YES;
				CLANG_ENABLE_OBJC_WEAK = YES;
				CLANG_WARN_BLOCK_CAPTURE_AUTORELEASING = YES;
				CLANG_WARN_BOOL_CONVERSION = YES;
				CLANG_WARN_COMMA = YES;
				CLANG_WARN_CONSTANT_CONVERSION = YES;
				CLANG_WARN_DEPRECATED_OBJC_IMPLEMENTATIONS = YES;
				CLANG_WARN_DIRECT_OBJC_ISA_USAGE = YES_ERROR;
				CLANG_WARN_DOCUMENTATION_COMMENTS = YES;
				CLANG_WARN_EMPTY_BODY = YES;
				CLANG_WARN_ENUM_CONVERSION = YES;
				CLANG_WARN_INFINITE_RECURSION = YES;
				CLANG_WARN_INT_CONVERSION = YES;
				CLANG_WARN_NON_LITERAL_NULL_CONVERSION = YES;
				CLANG_WARN_OBJC_IMPLICIT_RETAIN_SELF = YES;
				CLANG_WARN_OBJC_LITERAL_CONVERSION = YES;
				CLANG_WARN_OBJC_ROOT_CLASS = YES_ERROR;
				CLANG_WARN_RANGE_LOOP_ANALYSIS = YES;
				CLANG_WARN_STRICT_PROTOTYPES = YES;
				CLANG_WARN_SUSPICIOUS_MOVE = YES;
				CLANG_WARN_UNGUARDED_AVAILABILITY = YES_AGGRESSIVE;
				CLANG_WARN_UNREACHABLE_CODE = YES;
				CLANG_WARN__DUPLICATE_METHOD_MATCH = YES;
				CODE_SIGN_IDENTITY = "iPhone Developer";
				COPY_PHASE_STRIP = NO;
				DEBUG_INFORMATION_FORMAT = "dwarf-with-dsym";
				ENABLE_NS_ASSERTIONS = NO;
				ENABLE_STRICT_OBJC_MSGSEND = YES;
				GCC_C_LANGUAGE_STANDARD = gnu11;
				GCC_NO_COMMON_BLOCKS = YES;
				GCC_WARN_64_TO_32_BIT_CONVERSION = YES;
				GCC_WARN_ABOUT_RETURN_TYPE = YES_ERROR;
				GCC_WARN_UNDECLARED_SELECTOR = YES;
				GCC_WARN_UNINITIALIZED_AUTOS = YES_AGGRESSIVE;
				GCC_WARN_UNUSED_FUNCTION = YES;
				GCC_WARN_UNUSED_VARIABLE = YES;
				IPHONEOS_DEPLOYMENT_TARGET = 12.0;
				MTL_ENABLE_DEBUG_INFO = NO;
				MTL_FAST_MATH = YES;
				SDKROOT = iphoneos;
				SWIFT_COMPILATION_MODE = wholemodule;
				SWIFT_OPTIMIZATION_LEVEL = "-O";
				VALIDATE_PRODUCT = YES;
			};
			name = Release;
		};
		8D7C44362272546800C6609B /* Debug */ = {
			isa = XCBuildConfiguration;
			baseConfigurationReference = 5DDBB08A7A8C718B60682EB8 /* Pods-IEX Mobile.debug.xcconfig */;
			buildSettings = {
				ASSETCATALOG_COMPILER_APPICON_NAME = AppIcon;
				CODE_SIGN_STYLE = Automatic;
				DEVELOPMENT_TEAM = KD674EGM5X;
				INFOPLIST_FILE = "$(SRCROOT)/IEX Mobile/Supporting Files/Info.plist";
				IPHONEOS_DEPLOYMENT_TARGET = 12.0;
				LD_RUNPATH_SEARCH_PATHS = (
					"$(inherited)",
					"@executable_path/Frameworks",
				);
				PRODUCT_BUNDLE_IDENTIFIER = "com.renamari.IEX-Mobile";
				PRODUCT_NAME = "$(TARGET_NAME)";
				SWIFT_VERSION = 5.0;
				TARGETED_DEVICE_FAMILY = "1,2";
			};
			name = Debug;
		};
		8D7C44372272546800C6609B /* Release */ = {
			isa = XCBuildConfiguration;
			baseConfigurationReference = 07A5885263EB9693E9269E2D /* Pods-IEX Mobile.release.xcconfig */;
			buildSettings = {
				ASSETCATALOG_COMPILER_APPICON_NAME = AppIcon;
				CODE_SIGN_STYLE = Automatic;
				DEVELOPMENT_TEAM = KD674EGM5X;
				INFOPLIST_FILE = "$(SRCROOT)/IEX Mobile/Supporting Files/Info.plist";
				IPHONEOS_DEPLOYMENT_TARGET = 12.0;
				LD_RUNPATH_SEARCH_PATHS = (
					"$(inherited)",
					"@executable_path/Frameworks",
				);
				PRODUCT_BUNDLE_IDENTIFIER = "com.renamari.IEX-Mobile";
				PRODUCT_NAME = "$(TARGET_NAME)";
				SWIFT_VERSION = 5.0;
				TARGETED_DEVICE_FAMILY = "1,2";
			};
			name = Release;
		};
		8D7C44392272546800C6609B /* Debug */ = {
			isa = XCBuildConfiguration;
			baseConfigurationReference = 7D4D628C33716D69AD05A8D4 /* Pods-IEX MobileTests.debug.xcconfig */;
			buildSettings = {
				ALWAYS_EMBED_SWIFT_STANDARD_LIBRARIES = YES;
				BUNDLE_LOADER = "$(TEST_HOST)";
				CODE_SIGN_STYLE = Automatic;
				DEVELOPMENT_TEAM = KD674EGM5X;
				INFOPLIST_FILE = "IEX MobileTests/Info.plist";
				LD_RUNPATH_SEARCH_PATHS = (
					"$(inherited)",
					"@executable_path/Frameworks",
					"@loader_path/Frameworks",
				);
				PRODUCT_BUNDLE_IDENTIFIER = "com.renamari.IEX-MobileTests";
				PRODUCT_NAME = "$(TARGET_NAME)";
				SWIFT_VERSION = 5.0;
				TARGETED_DEVICE_FAMILY = "1,2";
				TEST_HOST = "$(BUILT_PRODUCTS_DIR)/IEX Mobile.app/IEX Mobile";
			};
			name = Debug;
		};
		8D7C443A2272546800C6609B /* Release */ = {
			isa = XCBuildConfiguration;
			baseConfigurationReference = 5E48765AD0C86E96D1EC79EA /* Pods-IEX MobileTests.release.xcconfig */;
			buildSettings = {
				ALWAYS_EMBED_SWIFT_STANDARD_LIBRARIES = YES;
				BUNDLE_LOADER = "$(TEST_HOST)";
				CODE_SIGN_STYLE = Automatic;
				DEVELOPMENT_TEAM = KD674EGM5X;
				INFOPLIST_FILE = "IEX MobileTests/Info.plist";
				LD_RUNPATH_SEARCH_PATHS = (
					"$(inherited)",
					"@executable_path/Frameworks",
					"@loader_path/Frameworks",
				);
				PRODUCT_BUNDLE_IDENTIFIER = "com.renamari.IEX-MobileTests";
				PRODUCT_NAME = "$(TARGET_NAME)";
				SWIFT_VERSION = 5.0;
				TARGETED_DEVICE_FAMILY = "1,2";
				TEST_HOST = "$(BUILT_PRODUCTS_DIR)/IEX Mobile.app/IEX Mobile";
			};
			name = Release;
		};
		8D7C443C2272546800C6609B /* Debug */ = {
			isa = XCBuildConfiguration;
			baseConfigurationReference = FFB8AA15639B5EEF38AE9A09 /* Pods-IEX MobileUITests.debug.xcconfig */;
			buildSettings = {
				ALWAYS_EMBED_SWIFT_STANDARD_LIBRARIES = YES;
				CODE_SIGN_STYLE = Automatic;
				DEVELOPMENT_TEAM = KD674EGM5X;
				INFOPLIST_FILE = "IEX MobileUITests/Info.plist";
				LD_RUNPATH_SEARCH_PATHS = (
					"$(inherited)",
					"@executable_path/Frameworks",
					"@loader_path/Frameworks",
				);
				PRODUCT_BUNDLE_IDENTIFIER = "com.renamari.IEX-MobileUITests";
				PRODUCT_NAME = "$(TARGET_NAME)";
				SWIFT_VERSION = 5.0;
				TARGETED_DEVICE_FAMILY = "1,2";
				TEST_TARGET_NAME = "IEX Mobile";
			};
			name = Debug;
		};
		8D7C443D2272546800C6609B /* Release */ = {
			isa = XCBuildConfiguration;
			baseConfigurationReference = 7E75F37A9DD6AC39EE1AE5DD /* Pods-IEX MobileUITests.release.xcconfig */;
			buildSettings = {
				ALWAYS_EMBED_SWIFT_STANDARD_LIBRARIES = YES;
				CODE_SIGN_STYLE = Automatic;
				DEVELOPMENT_TEAM = KD674EGM5X;
				INFOPLIST_FILE = "IEX MobileUITests/Info.plist";
				LD_RUNPATH_SEARCH_PATHS = (
					"$(inherited)",
					"@executable_path/Frameworks",
					"@loader_path/Frameworks",
				);
				PRODUCT_BUNDLE_IDENTIFIER = "com.renamari.IEX-MobileUITests";
				PRODUCT_NAME = "$(TARGET_NAME)";
				SWIFT_VERSION = 5.0;
				TARGETED_DEVICE_FAMILY = "1,2";
				TEST_TARGET_NAME = "IEX Mobile";
			};
			name = Release;
		};
/* End XCBuildConfiguration section */

/* Begin XCConfigurationList section */
		8D7C44052272546700C6609B /* Build configuration list for PBXProject "IEX Mobile" */ = {
			isa = XCConfigurationList;
			buildConfigurations = (
				8D7C44332272546800C6609B /* Debug */,
				8D7C44342272546800C6609B /* Release */,
			);
			defaultConfigurationIsVisible = 0;
			defaultConfigurationName = Release;
		};
		8D7C44352272546800C6609B /* Build configuration list for PBXNativeTarget "IEX Mobile" */ = {
			isa = XCConfigurationList;
			buildConfigurations = (
				8D7C44362272546800C6609B /* Debug */,
				8D7C44372272546800C6609B /* Release */,
			);
			defaultConfigurationIsVisible = 0;
			defaultConfigurationName = Release;
		};
		8D7C44382272546800C6609B /* Build configuration list for PBXNativeTarget "IEX MobileTests" */ = {
			isa = XCConfigurationList;
			buildConfigurations = (
				8D7C44392272546800C6609B /* Debug */,
				8D7C443A2272546800C6609B /* Release */,
			);
			defaultConfigurationIsVisible = 0;
			defaultConfigurationName = Release;
		};
		8D7C443B2272546800C6609B /* Build configuration list for PBXNativeTarget "IEX MobileUITests" */ = {
			isa = XCConfigurationList;
			buildConfigurations = (
				8D7C443C2272546800C6609B /* Debug */,
				8D7C443D2272546800C6609B /* Release */,
			);
			defaultConfigurationIsVisible = 0;
			defaultConfigurationName = Release;
		};
/* End XCConfigurationList section */

/* Begin XCVersionGroup section */
		8D7C44142272546700C6609B /* IEX_Mobile.xcdatamodeld */ = {
			isa = XCVersionGroup;
			children = (
				8D7C44152272546700C6609B /* IEX_Mobile.xcdatamodel */,
			);
			currentVersion = 8D7C44152272546700C6609B /* IEX_Mobile.xcdatamodel */;
			path = IEX_Mobile.xcdatamodeld;
			sourceTree = "<group>";
			versionGroupType = wrapper.xcdatamodel;
		};
/* End XCVersionGroup section */
	};
	rootObject = 8D7C44022272546700C6609B /* Project object */;
}
